// !$*UTF8*$!
{
	archiveVersion = 1;
	classes = {
	};
	objectVersion = 46;
	objects = {

/* Begin PBXBuildFile section */
		C4A999A91CA0EA0E00971BF7 /* main.m in Sources */ = {isa = PBXBuildFile; fileRef = C4A999A81CA0EA0E00971BF7 /* main.m */; };
		C4A999AC1CA0EA0E00971BF7 /* AppDelegate.m in Sources */ = {isa = PBXBuildFile; fileRef = C4A999AB1CA0EA0E00971BF7 /* AppDelegate.m */; };
		C4A999AF1CA0EA0E00971BF7 /* ViewController.m in Sources */ = {isa = PBXBuildFile; fileRef = C4A999AE1CA0EA0E00971BF7 /* ViewController.m */; };
		C4A999B21CA0EA0E00971BF7 /* Main.storyboard in Resources */ = {isa = PBXBuildFile; fileRef = C4A999B01CA0EA0E00971BF7 /* Main.storyboard */; };
		C4A999B41CA0EA0E00971BF7 /* Assets.xcassets in Resources */ = {isa = PBXBuildFile; fileRef = C4A999B31CA0EA0E00971BF7 /* Assets.xcassets */; };
		C4A999B71CA0EA0E00971BF7 /* LaunchScreen.storyboard in Resources */ = {isa = PBXBuildFile; fileRef = C4A999B51CA0EA0E00971BF7 /* LaunchScreen.storyboard */; };
		C4A999D91CA0EB2D00971BF7 /* Info.plist in Resources */ = {isa = PBXBuildFile; fileRef = C4A999BF1CA0EB2D00971BF7 /* Info.plist */; };
		C4A999DA1CA0EB2D00971BF7 /* MASCompositeConstraint.m in Sources */ = {isa = PBXBuildFile; fileRef = C4A999C11CA0EB2D00971BF7 /* MASCompositeConstraint.m */; };
		C4A999DB1CA0EB2D00971BF7 /* MASConstraint.m in Sources */ = {isa = PBXBuildFile; fileRef = C4A999C41CA0EB2D00971BF7 /* MASConstraint.m */; };
		C4A999DC1CA0EB2D00971BF7 /* MASConstraintMaker.m in Sources */ = {isa = PBXBuildFile; fileRef = C4A999C61CA0EB2D00971BF7 /* MASConstraintMaker.m */; };
		C4A999DD1CA0EB2D00971BF7 /* MASLayoutConstraint.m in Sources */ = {isa = PBXBuildFile; fileRef = C4A999C81CA0EB2D00971BF7 /* MASLayoutConstraint.m */; };
		C4A999DE1CA0EB2D00971BF7 /* MASViewAttribute.m in Sources */ = {isa = PBXBuildFile; fileRef = C4A999CC1CA0EB2D00971BF7 /* MASViewAttribute.m */; };
		C4A999DF1CA0EB2D00971BF7 /* MASViewConstraint.m in Sources */ = {isa = PBXBuildFile; fileRef = C4A999CE1CA0EB2D00971BF7 /* MASViewConstraint.m */; };
		C4A999E01CA0EB2D00971BF7 /* NSArray+MASAdditions.m in Sources */ = {isa = PBXBuildFile; fileRef = C4A999D01CA0EB2D00971BF7 /* NSArray+MASAdditions.m */; };
		C4A999E11CA0EB2D00971BF7 /* NSLayoutConstraint+MASDebugAdditions.m in Sources */ = {isa = PBXBuildFile; fileRef = C4A999D31CA0EB2D00971BF7 /* NSLayoutConstraint+MASDebugAdditions.m */; };
		C4A999E21CA0EB2D00971BF7 /* View+MASAdditions.m in Sources */ = {isa = PBXBuildFile; fileRef = C4A999D51CA0EB2D00971BF7 /* View+MASAdditions.m */; };
		C4A999E31CA0EB2D00971BF7 /* ViewController+MASAdditions.m in Sources */ = {isa = PBXBuildFile; fileRef = C4A999D81CA0EB2D00971BF7 /* ViewController+MASAdditions.m */; };
		C4A999E61CA0EB5500971BF7 /* bannerView.m in Sources */ = {isa = PBXBuildFile; fileRef = C4A999E51CA0EB5500971BF7 /* bannerView.m */; };
/* End PBXBuildFile section */

/* Begin PBXFileReference section */
		C4A999A41CA0EA0E00971BF7 /* bannerView.app */ = {isa = PBXFileReference; explicitFileType = wrapper.application; includeInIndex = 0; path = bannerView.app; sourceTree = BUILT_PRODUCTS_DIR; };
		C4A999A81CA0EA0E00971BF7 /* main.m */ = {isa = PBXFileReference; lastKnownFileType = sourcecode.c.objc; path = main.m; sourceTree = "<group>"; };
		C4A999AA1CA0EA0E00971BF7 /* AppDelegate.h */ = {isa = PBXFileReference; lastKnownFileType = sourcecode.c.h; path = AppDelegate.h; sourceTree = "<group>"; };
		C4A999AB1CA0EA0E00971BF7 /* AppDelegate.m */ = {isa = PBXFileReference; lastKnownFileType = sourcecode.c.objc; path = AppDelegate.m; sourceTree = "<group>"; };
		C4A999AD1CA0EA0E00971BF7 /* ViewController.h */ = {isa = PBXFileReference; lastKnownFileType = sourcecode.c.h; path = ViewController.h; sourceTree = "<group>"; };
		C4A999AE1CA0EA0E00971BF7 /* ViewController.m */ = {isa = PBXFileReference; lastKnownFileType = sourcecode.c.objc; path = ViewController.m; sourceTree = "<group>"; };
		C4A999B11CA0EA0E00971BF7 /* Base */ = {isa = PBXFileReference; lastKnownFileType = file.storyboard; name = Base; path = Base.lproj/Main.storyboard; sourceTree = "<group>"; };
		C4A999B31CA0EA0E00971BF7 /* Assets.xcassets */ = {isa = PBXFileReference; lastKnownFileType = folder.assetcatalog; path = Assets.xcassets; sourceTree = "<group>"; };
		C4A999B61CA0EA0E00971BF7 /* Base */ = {isa = PBXFileReference; lastKnownFileType = file.storyboard; name = Base; path = Base.lproj/LaunchScreen.storyboard; sourceTree = "<group>"; };
		C4A999B81CA0EA0E00971BF7 /* Info.plist */ = {isa = PBXFileReference; lastKnownFileType = text.plist.xml; path = Info.plist; sourceTree = "<group>"; };
		C4A999BF1CA0EB2D00971BF7 /* Info.plist */ = {isa = PBXFileReference; fileEncoding = 4; lastKnownFileType = text.plist.xml; path = Info.plist; sourceTree = "<group>"; };
		C4A999C01CA0EB2D00971BF7 /* MASCompositeConstraint.h */ = {isa = PBXFileReference; fileEncoding = 4; lastKnownFileType = sourcecode.c.h; path = MASCompositeConstraint.h; sourceTree = "<group>"; };
		C4A999C11CA0EB2D00971BF7 /* MASCompositeConstraint.m */ = {isa = PBXFileReference; fileEncoding = 4; lastKnownFileType = sourcecode.c.objc; path = MASCompositeConstraint.m; sourceTree = "<group>"; };
		C4A999C21CA0EB2D00971BF7 /* MASConstraint+Private.h */ = {isa = PBXFileReference; fileEncoding = 4; lastKnownFileType = sourcecode.c.h; path = "MASConstraint+Private.h"; sourceTree = "<group>"; };
		C4A999C31CA0EB2D00971BF7 /* MASConstraint.h */ = {isa = PBXFileReference; fileEncoding = 4; lastKnownFileType = sourcecode.c.h; path = MASConstraint.h; sourceTree = "<group>"; };
		C4A999C41CA0EB2D00971BF7 /* MASConstraint.m */ = {isa = PBXFileReference; fileEncoding = 4; lastKnownFileType = sourcecode.c.objc; path = MASConstraint.m; sourceTree = "<group>"; };
		C4A999C51CA0EB2D00971BF7 /* MASConstraintMaker.h */ = {isa = PBXFileReference; fileEncoding = 4; lastKnownFileType = sourcecode.c.h; path = MASConstraintMaker.h; sourceTree = "<group>"; };
		C4A999C61CA0EB2D00971BF7 /* MASConstraintMaker.m */ = {isa = PBXFileReference; fileEncoding = 4; lastKnownFileType = sourcecode.c.objc; path = MASConstraintMaker.m; sourceTree = "<group>"; };
		C4A999C71CA0EB2D00971BF7 /* MASLayoutConstraint.h */ = {isa = PBXFileReference; fileEncoding = 4; lastKnownFileType = sourcecode.c.h; path = MASLayoutConstraint.h; sourceTree = "<group>"; };
		C4A999C81CA0EB2D00971BF7 /* MASLayoutConstraint.m */ = {isa = PBXFileReference; fileEncoding = 4; lastKnownFileType = sourcecode.c.objc; path = MASLayoutConstraint.m; sourceTree = "<group>"; };
		C4A999C91CA0EB2D00971BF7 /* Masonry.h */ = {isa = PBXFileReference; fileEncoding = 4; lastKnownFileType = sourcecode.c.h; path = Masonry.h; sourceTree = "<group>"; };
		C4A999CA1CA0EB2D00971BF7 /* MASUtilities.h */ = {isa = PBXFileReference; fileEncoding = 4; lastKnownFileType = sourcecode.c.h; path = MASUtilities.h; sourceTree = "<group>"; };
		C4A999CB1CA0EB2D00971BF7 /* MASViewAttribute.h */ = {isa = PBXFileReference; fileEncoding = 4; lastKnownFileType = sourcecode.c.h; path = MASViewAttribute.h; sourceTree = "<group>"; };
		C4A999CC1CA0EB2D00971BF7 /* MASViewAttribute.m */ = {isa = PBXFileReference; fileEncoding = 4; lastKnownFileType = sourcecode.c.objc; path = MASViewAttribute.m; sourceTree = "<group>"; };
		C4A999CD1CA0EB2D00971BF7 /* MASViewConstraint.h */ = {isa = PBXFileReference; fileEncoding = 4; lastKnownFileType = sourcecode.c.h; path = MASViewConstraint.h; sourceTree = "<group>"; };
		C4A999CE1CA0EB2D00971BF7 /* MASViewConstraint.m */ = {isa = PBXFileReference; fileEncoding = 4; lastKnownFileType = sourcecode.c.objc; path = MASViewConstraint.m; sourceTree = "<group>"; };
		C4A999CF1CA0EB2D00971BF7 /* NSArray+MASAdditions.h */ = {isa = PBXFileReference; fileEncoding = 4; lastKnownFileType = sourcecode.c.h; path = "NSArray+MASAdditions.h"; sourceTree = "<group>"; };
		C4A999D01CA0EB2D00971BF7 /* NSArray+MASAdditions.m */ = {isa = PBXFileReference; fileEncoding = 4; lastKnownFileType = sourcecode.c.objc; path = "NSArray+MASAdditions.m"; sourceTree = "<group>"; };
		C4A999D11CA0EB2D00971BF7 /* NSArray+MASShorthandAdditions.h */ = {isa = PBXFileReference; fileEncoding = 4; lastKnownFileType = sourcecode.c.h; path = "NSArray+MASShorthandAdditions.h"; sourceTree = "<group>"; };
		C4A999D21CA0EB2D00971BF7 /* NSLayoutConstraint+MASDebugAdditions.h */ = {isa = PBXFileReference; fileEncoding = 4; lastKnownFileType = sourcecode.c.h; path = "NSLayoutConstraint+MASDebugAdditions.h"; sourceTree = "<group>"; };
		C4A999D31CA0EB2D00971BF7 /* NSLayoutConstraint+MASDebugAdditions.m */ = {isa = PBXFileReference; fileEncoding = 4; lastKnownFileType = sourcecode.c.objc; path = "NSLayoutConstraint+MASDebugAdditions.m"; sourceTree = "<group>"; };
		C4A999D41CA0EB2D00971BF7 /* View+MASAdditions.h */ = {isa = PBXFileReference; fileEncoding = 4; lastKnownFileType = sourcecode.c.h; path = "View+MASAdditions.h"; sourceTree = "<group>"; };
		C4A999D51CA0EB2D00971BF7 /* View+MASAdditions.m */ = {isa = PBXFileReference; fileEncoding = 4; lastKnownFileType = sourcecode.c.objc; path = "View+MASAdditions.m"; sourceTree = "<group>"; };
		C4A999D61CA0EB2D00971BF7 /* View+MASShorthandAdditions.h */ = {isa = PBXFileReference; fileEncoding = 4; lastKnownFileType = sourcecode.c.h; path = "View+MASShorthandAdditions.h"; sourceTree = "<group>"; };
		C4A999D71CA0EB2D00971BF7 /* ViewController+MASAdditions.h */ = {isa = PBXFileReference; fileEncoding = 4; lastKnownFileType = sourcecode.c.h; path = "ViewController+MASAdditions.h"; sourceTree = "<group>"; };
		C4A999D81CA0EB2D00971BF7 /* ViewController+MASAdditions.m */ = {isa = PBXFileReference; fileEncoding = 4; lastKnownFileType = sourcecode.c.objc; path = "ViewController+MASAdditions.m"; sourceTree = "<group>"; };
		C4A999E41CA0EB5500971BF7 /* bannerView.h */ = {isa = PBXFileReference; fileEncoding = 4; lastKnownFileType = sourcecode.c.h; path = bannerView.h; sourceTree = "<group>"; };
		C4A999E51CA0EB5500971BF7 /* bannerView.m */ = {isa = PBXFileReference; fileEncoding = 4; lastKnownFileType = sourcecode.c.objc; path = bannerView.m; sourceTree = "<group>"; };
/* End PBXFileReference section */

/* Begin PBXFrameworksBuildPhase section */
		C4A999A11CA0EA0E00971BF7 /* Frameworks */ = {
			isa = PBXFrameworksBuildPhase;
			buildActionMask = 2147483647;
			files = (
			);
			runOnlyForDeploymentPostprocessing = 0;
		};
/* End PBXFrameworksBuildPhase section */

/* Begin PBXGroup section */
		C4A9999B1CA0EA0E00971BF7 = {
			isa = PBXGroup;
			children = (
				C4A999A61CA0EA0E00971BF7 /* bannerView */,
				C4A999A51CA0EA0E00971BF7 /* Products */,
			);
			sourceTree = "<group>";
		};
		C4A999A51CA0EA0E00971BF7 /* Products */ = {
			isa = PBXGroup;
			children = (
				C4A999A41CA0EA0E00971BF7 /* bannerView.app */,
			);
			name = Products;
			sourceTree = "<group>";
		};
		C4A999A61CA0EA0E00971BF7 /* bannerView */ = {
			isa = PBXGroup;
			children = (
				C4A999BE1CA0EB2D00971BF7 /* Masonry */,
				C4A999AA1CA0EA0E00971BF7 /* AppDelegate.h */,
				C4A999AB1CA0EA0E00971BF7 /* AppDelegate.m */,
				C4A999AD1CA0EA0E00971BF7 /* ViewController.h */,
				C4A999AE1CA0EA0E00971BF7 /* ViewController.m */,
				C4A999E41CA0EB5500971BF7 /* bannerView.h */,
				C4A999E51CA0EB5500971BF7 /* bannerView.m */,
				C4A999B01CA0EA0E00971BF7 /* Main.storyboard */,
				C4A999B31CA0EA0E00971BF7 /* Assets.xcassets */,
				C4A999B51CA0EA0E00971BF7 /* LaunchScreen.storyboard */,
				C4A999B81CA0EA0E00971BF7 /* Info.plist */,
				C4A999A71CA0EA0E00971BF7 /* Supporting Files */,
			);
			path = bannerView;
			sourceTree = "<group>";
		};
		C4A999A71CA0EA0E00971BF7 /* Supporting Files */ = {
			isa = PBXGroup;
			children = (
				C4A999A81CA0EA0E00971BF7 /* main.m */,
			);
			name = "Supporting Files";
			sourceTree = "<group>";
		};
		C4A999BE1CA0EB2D00971BF7 /* Masonry */ = {
			isa = PBXGroup;
			children = (
				C4A999BF1CA0EB2D00971BF7 /* Info.plist */,
				C4A999C01CA0EB2D00971BF7 /* MASCompositeConstraint.h */,
				C4A999C11CA0EB2D00971BF7 /* MASCompositeConstraint.m */,
				C4A999C21CA0EB2D00971BF7 /* MASConstraint+Private.h */,
				C4A999C31CA0EB2D00971BF7 /* MASConstraint.h */,
				C4A999C41CA0EB2D00971BF7 /* MASConstraint.m */,
				C4A999C51CA0EB2D00971BF7 /* MASConstraintMaker.h */,
				C4A999C61CA0EB2D00971BF7 /* MASConstraintMaker.m */,
				C4A999C71CA0EB2D00971BF7 /* MASLayoutConstraint.h */,
				C4A999C81CA0EB2D00971BF7 /* MASLayoutConstraint.m */,
				C4A999C91CA0EB2D00971BF7 /* Masonry.h */,
				C4A999CA1CA0EB2D00971BF7 /* MASUtilities.h */,
				C4A999CB1CA0EB2D00971BF7 /* MASViewAttribute.h */,
				C4A999CC1CA0EB2D00971BF7 /* MASViewAttribute.m */,
				C4A999CD1CA0EB2D00971BF7 /* MASViewConstraint.h */,
				C4A999CE1CA0EB2D00971BF7 /* MASViewConstraint.m */,
				C4A999CF1CA0EB2D00971BF7 /* NSArray+MASAdditions.h */,
				C4A999D01CA0EB2D00971BF7 /* NSArray+MASAdditions.m */,
				C4A999D11CA0EB2D00971BF7 /* NSArray+MASShorthandAdditions.h */,
				C4A999D21CA0EB2D00971BF7 /* NSLayoutConstraint+MASDebugAdditions.h */,
				C4A999D31CA0EB2D00971BF7 /* NSLayoutConstraint+MASDebugAdditions.m */,
				C4A999D41CA0EB2D00971BF7 /* View+MASAdditions.h */,
				C4A999D51CA0EB2D00971BF7 /* View+MASAdditions.m */,
				C4A999D61CA0EB2D00971BF7 /* View+MASShorthandAdditions.h */,
				C4A999D71CA0EB2D00971BF7 /* ViewController+MASAdditions.h */,
				C4A999D81CA0EB2D00971BF7 /* ViewController+MASAdditions.m */,
			);
			path = Masonry;
			sourceTree = "<group>";
		};
/* End PBXGroup section */

/* Begin PBXNativeTarget section */
		C4A999A31CA0EA0E00971BF7 /* bannerView */ = {
			isa = PBXNativeTarget;
			buildConfigurationList = C4A999BB1CA0EA0E00971BF7 /* Build configuration list for PBXNativeTarget "bannerView" */;
			buildPhases = (
				C4A999A01CA0EA0E00971BF7 /* Sources */,
				C4A999A11CA0EA0E00971BF7 /* Frameworks */,
				C4A999A21CA0EA0E00971BF7 /* Resources */,
			);
			buildRules = (
			);
			dependencies = (
			);
			name = bannerView;
			productName = bannerView;
			productReference = C4A999A41CA0EA0E00971BF7 /* bannerView.app */;
			productType = "com.apple.product-type.application";
		};
/* End PBXNativeTarget section */

/* Begin PBXProject section */
		C4A9999C1CA0EA0E00971BF7 /* Project object */ = {
			isa = PBXProject;
			attributes = {
				LastUpgradeCheck = 0720;
				ORGANIZATIONNAME = "丁贵强";
				TargetAttributes = {
					C4A999A31CA0EA0E00971BF7 = {
						CreatedOnToolsVersion = 7.2.1;
					};
				};
			};
			buildConfigurationList = C4A9999F1CA0EA0E00971BF7 /* Build configuration list for PBXProject "bannerView" */;
			compatibilityVersion = "Xcode 3.2";
			developmentRegion = English;
			hasScannedForEncodings = 0;
			knownRegions = (
				en,
				Base,
			);
			mainGroup = C4A9999B1CA0EA0E00971BF7;
			productRefGroup = C4A999A51CA0EA0E00971BF7 /* Products */;
			projectDirPath = "";
			projectRoot = "";
			targets = (
				C4A999A31CA0EA0E00971BF7 /* bannerView */,
			);
		};
/* End PBXProject section */

/* Begin PBXResourcesBuildPhase section */
		C4A999A21CA0EA0E00971BF7 /* Resources */ = {
			isa = PBXResourcesBuildPhase;
			buildActionMask = 2147483647;
			files = (
				C4A999D91CA0EB2D00971BF7 /* Info.plist in Resources */,
				C4A999B71CA0EA0E00971BF7 /* LaunchScreen.storyboard in Resources */,
				C4A999B41CA0EA0E00971BF7 /* Assets.xcassets in Resources */,
				C4A999B21CA0EA0E00971BF7 /* Main.storyboard in Resources */,
			);
			runOnlyForDeploymentPostprocessing = 0;
		};
/* End PBXResourcesBuildPhase section */

/* Begin PBXSourcesBuildPhase section */
		C4A999A01CA0EA0E00971BF7 /* Sources */ = {
			isa = PBXSourcesBuildPhase;
			buildActionMask = 2147483647;
			files = (
				C4A999E11CA0EB2D00971BF7 /* NSLayoutConstraint+MASDebugAdditions.m in Sources */,
				C4A999DF1CA0EB2D00971BF7 /* MASViewConstraint.m in Sources */,
				C4A999E61CA0EB5500971BF7 /* bannerView.m in Sources */,
				C4A999DA1CA0EB2D00971BF7 /* MASCompositeConstraint.m in Sources */,
				C4A999E01CA0EB2D00971BF7 /* NSArray+MASAdditions.m in Sources */,
				C4A999AF1CA0EA0E00971BF7 /* ViewController.m in Sources */,
				C4A999AC1CA0EA0E00971BF7 /* AppDelegate.m in Sources */,
				C4A999DD1CA0EB2D00971BF7 /* MASLayoutConstraint.m in Sources */,
				C4A999A91CA0EA0E00971BF7 /* main.m in Sources */,
				C4A999E31CA0EB2D00971BF7 /* ViewController+MASAdditions.m in Sources */,
				C4A999E21CA0EB2D00971BF7 /* View+MASAdditions.m in Sources */,
				C4A999DE1CA0EB2D00971BF7 /* MASViewAttribute.m in Sources */,
				C4A999DB1CA0EB2D00971BF7 /* MASConstraint.m in Sources */,
				C4A999DC1CA0EB2D00971BF7 /* MASConstraintMaker.m in Sources */,
			);
			runOnlyForDeploymentPostprocessing = 0;
		};
/* End PBXSourcesBuildPhase section */

/* Begin PBXVariantGroup section */
		C4A999B01CA0EA0E00971BF7 /* Main.storyboard */ = {
			isa = PBXVariantGroup;
			children = (
				C4A999B11CA0EA0E00971BF7 /* Base */,
			);
			name = Main.storyboard;
			sourceTree = "<group>";
		};
		C4A999B51CA0EA0E00971BF7 /* LaunchScreen.storyboard */ = {
			isa = PBXVariantGroup;
			children = (
				C4A999B61CA0EA0E00971BF7 /* Base */,
			);
			name = LaunchScreen.storyboard;
			sourceTree = "<group>";
		};
/* End PBXVariantGroup section */

/* Begin XCBuildConfiguration section */
		C4A999B91CA0EA0E00971BF7 /* Debug */ = {
			isa = XCBuildConfiguration;
			buildSettings = {
				ALWAYS_SEARCH_USER_PATHS = NO;
				CLANG_CXX_LANGUAGE_STANDARD = "gnu++0x";
				CLANG_CXX_LIBRARY = "libc++";
				CLANG_ENABLE_MODULES = YES;
				CLANG_ENABLE_OBJC_ARC = YES;
				CLANG_WARN_BOOL_CONVERSION = YES;
				CLANG_WARN_CONSTANT_CONVERSION = YES;
				CLANG_WARN_DIRECT_OBJC_ISA_USAGE = YES_ERROR;
				CLANG_WARN_EMPTY_BODY = YES;
				CLANG_WARN_ENUM_CONVERSION = YES;
				CLANG_WARN_INT_CONVERSION = YES;
				CLANG_WARN_OBJC_ROOT_CLASS = YES_ERROR;
				CLANG_WARN_UNREACHABLE_CODE = YES;
				CLANG_WARN__DUPLICATE_METHOD_MATCH = YES;
				"CODE_SIGN_IDENTITY[sdk=iphoneos*]" = "iPhone Developer";
				COPY_PHASE_STRIP = NO;
				DEBUG_INFORMATION_FORMAT = dwarf;
				ENABLE_STRICT_OBJC_MSGSEND = YES;
				ENABLE_TESTABILITY = YES;
				GCC_C_LANGUAGE_STANDARD = gnu99;
				GCC_DYNAMIC_NO_PIC = NO;
				GCC_NO_COMMON_BLOCKS = YES;
				GCC_OPTIMIZATION_LEVEL = 0;
				GCC_PREPROCESSOR_DEFINITIONS = (
					"DEBUG=1",
					"$(inherited)",
				);
				GCC_WARN_64_TO_32_BIT_CONVERSION = YES;
				GCC_WARN_ABOUT_RETURN_TYPE = YES_ERROR;
				GCC_WARN_UNDECLARED_SELECTOR = YES;
				GCC_WARN_UNINITIALIZED_AUTOS = YES_AGGRESSIVE;
				GCC_WARN_UNUSED_FUNCTION = YES;
				GCC_WARN_UNUSED_VARIABLE = YES;
				IPHONEOS_DEPLOYMENT_TARGET = 9.2;
				MTL_ENABLE_DEBUG_INFO = YES;
				ONLY_ACTIVE_ARCH = YES;
				SDKROOT = iphoneos;
				TARGETED_DEVICE_FAMILY = "1,2";
			};
			name = Debug;
		};
		C4A999BA1CA0EA0E00971BF7 /* Release */ = {
			isa = XCBuildConfiguration;
			buildSettings = {
				ALWAYS_SEARCH_USER_PATHS = NO;
				CLANG_CXX_LANGUAGE_STANDARD = "gnu++0x";
				CLANG_CXX_LIBRARY = "libc++";
				CLANG_ENABLE_MODULES = YES;
				CLANG_ENABLE_OBJC_ARC = YES;
				CLANG_WARN_BOOL_CONVERSION = YES;
				CLANG_WARN_CONSTANT_CONVERSION = YES;
				CLANG_WARN_DIRECT_OBJC_ISA_USAGE = YES_ERROR;
				CLANG_WARN_EMPTY_BODY = YES;
				CLANG_WARN_ENUM_CONVERSION = YES;
				CLANG_WARN_INT_CONVERSION = YES;
				CLANG_WARN_OBJC_ROOT_CLASS = YES_ERROR;
				CLANG_WARN_UNREACHABLE_CODE = YES;
				CLANG_WARN__DUPLICATE_METHOD_MATCH = YES;
				"CODE_SIGN_IDENTITY[sdk=iphoneos*]" = "iPhone Developer";
				COPY_PHASE_STRIP = NO;
				DEBUG_INFORMATION_FORMAT = "dwarf-with-dsym";
				ENABLE_NS_ASSERTIONS = NO;
				ENABLE_STRICT_OBJC_MSGSEND = YES;
				GCC_C_LANGUAGE_STANDARD = gnu99;
				GCC_NO_COMMON_BLOCKS = YES;
				GCC_WARN_64_TO_32_BIT_CONVERSION = YES;
				GCC_WARN_ABOUT_RETURN_TYPE = YES_ERROR;
				GCC_WARN_UNDECLARED_SELECTOR = YES;
				GCC_WARN_UNINITIALIZED_AUTOS = YES_AGGRESSIVE;
				GCC_WARN_UNUSED_FUNCTION = YES;
				GCC_WARN_UNUSED_VARIABLE = YES;
				IPHONEOS_DEPLOYMENT_TARGET = 9.2;
				MTL_ENABLE_DEBUG_INFO = NO;
				SDKROOT = iphoneos;
				TARGETED_DEVICE_FAMILY = "1,2";
				VALIDATE_PRODUCT = YES;
			};
			name = Release;
		};
		C4A999BC1CA0EA0E00971BF7 /* Debug */ = {
			isa = XCBuildConfiguration;
			buildSettings = {
				ASSETCATALOG_COMPILER_APPICON_NAME = AppIcon;
				INFOPLIST_FILE = bannerView/Info.plist;
				LD_RUNPATH_SEARCH_PATHS = "$(inherited) @executable_path/Frameworks";
				PRODUCT_BUNDLE_IDENTIFIER = com.ED.bannerView;
				PRODUCT_NAME = "$(TARGET_NAME)";
			};
			name = Debug;
		};
		C4A999BD1CA0EA0E00971BF7 /* Release */ = {
			isa = XCBuildConfiguration;
			buildSettings = {
				ASSETCATALOG_COMPILER_APPICON_NAME = AppIcon;
				INFOPLIST_FILE = bannerView/Info.plist;
				LD_RUNPATH_SEARCH_PATHS = "$(inherited) @executable_path/Frameworks";
				PRODUCT_BUNDLE_IDENTIFIER = com.ED.bannerView;
				PRODUCT_NAME = "$(TARGET_NAME)";
			};
			name = Release;
		};
/* End XCBuildConfiguration section */

/* Begin XCConfigurationList section */
		C4A9999F1CA0EA0E00971BF7 /* Build configuration list for PBXProject "bannerView" */ = {
			isa = XCConfigurationList;
			buildConfigurations = (
				C4A999B91CA0EA0E00971BF7 /* Debug */,
				C4A999BA1CA0EA0E00971BF7 /* Release */,
			);
			defaultConfigurationIsVisible = 0;
			defaultConfigurationName = Release;
		};
		C4A999BB1CA0EA0E00971BF7 /* Build configuration list for PBXNativeTarget "bannerView" */ = {
			isa = XCConfigurationList;
			buildConfigurations = (
				C4A999BC1CA0EA0E00971BF7 /* Debug */,
				C4A999BD1CA0EA0E00971BF7 /* Release */,
			);
			defaultConfigurationIsVisible = 0;
		};
/* End XCConfigurationList section */
	};
	rootObject = C4A9999C1CA0EA0E00971BF7 /* Project object */;
}
